
Microsoft Visual Studio Solution File, Format Version 12.00
# Visual Studio Version 16
VisualStudioVersion = 16.0.32901.82
MinimumVisualStudioVersion = 10.0.40219.1
Project("{FAE04EC0-301F-11D3-BF4B-00C04F79EFBC}") = "Module_4_Practice", "Module_4_Practice\Module_4_Practice.csproj", "{FB43DEE2-9AF6-446C-AD35-81D8EE0C1AE8}"
EndProject
Global
	GlobalSection(SolutionConfigurationPlatforms) = preSolution
		Debug|Any CPU = Debug|Any CPU
		Release|Any CPU = Release|Any CPU
	EndGlobalSection
	GlobalSection(ProjectConfigurationPlatforms) = postSolution
		{FB43DEE2-9AF6-446C-AD35-81D8EE0C1AE8}.Debug|Any CPU.ActiveCfg = Debug|Any CPU
		{FB43DEE2-9AF6-446C-AD35-81D8EE0C1AE8}.Debug|Any CPU.Build.0 = Debug|Any CPU
		{FB43DEE2-9AF6-446C-AD35-81D8EE0C1AE8}.Release|Any CPU.ActiveCfg = Release|Any CPU
		{FB43DEE2-9AF6-446C-AD35-81D8EE0C1AE8}.Release|Any CPU.Build.0 = Release|Any CPU
	EndGlobalSection
	GlobalSection(SolutionProperties) = preSolution
		HideSolutionNode = FALSE
	EndGlobalSection
	GlobalSection(ExtensibilityGlobals) = postSolution
		SolutionGuid = {E854D625-26F0-4700-9E22-E5C2F2D185C0}
	EndGlobalSection
EndGlobal
